
Microsoft Visual Studio Solution File, Format Version 11.00
# Visual Studio 2010
Project("{FAE04EC0-301F-11D3-BF4B-00C04F79EFBC}") = "BananaRush", "Assembly-CSharp.csproj", "{6B6F4B9E-6F54-3784-3C66-4C99A7D32677}"
EndProject
Project("{FAE04EC0-301F-11D3-BF4B-00C04F79EFBC}") = "BananaRush", "Assembly-CSharp-firstpass.csproj", "{CC012BDC-C354-8693-6C20-C72DBDA84426}"
EndProject
Project("{FAE04EC0-301F-11D3-BF4B-00C04F79EFBC}") = "BananaRush", "Assembly-CSharp-Editor-firstpass.csproj", "{FE36CD0C-ACCB-693C-CCD1-4457EC8E8394}"
EndProject
Global
	GlobalSection(SolutionConfigurationPlatforms) = preSolution
		Debug|Any CPU = Debug|Any CPU
		Release|Any CPU = Release|Any CPU
	EndGlobalSection
	GlobalSection(ProjectConfigurationPlatforms) = postSolution
		{6B6F4B9E-6F54-3784-3C66-4C99A7D32677}.Debug|Any CPU.ActiveCfg = Debug|Any CPU
		{6B6F4B9E-6F54-3784-3C66-4C99A7D32677}.Debug|Any CPU.Build.0 = Debug|Any CPU
		{6B6F4B9E-6F54-3784-3C66-4C99A7D32677}.Release|Any CPU.ActiveCfg = Release|Any CPU
		{6B6F4B9E-6F54-3784-3C66-4C99A7D32677}.Release|Any CPU.Build.0 = Release|Any CPU
		{CC012BDC-C354-8693-6C20-C72DBDA84426}.Debug|Any CPU.ActiveCfg = Debug|Any CPU
		{CC012BDC-C354-8693-6C20-C72DBDA84426}.Debug|Any CPU.Build.0 = Debug|Any CPU
		{CC012BDC-C354-8693-6C20-C72DBDA84426}.Release|Any CPU.ActiveCfg = Release|Any CPU
		{CC012BDC-C354-8693-6C20-C72DBDA84426}.Release|Any CPU.Build.0 = Release|Any CPU
		{FE36CD0C-ACCB-693C-CCD1-4457EC8E8394}.Debug|Any CPU.ActiveCfg = Debug|Any CPU
		{FE36CD0C-ACCB-693C-CCD1-4457EC8E8394}.Debug|Any CPU.Build.0 = Debug|Any CPU
		{FE36CD0C-ACCB-693C-CCD1-4457EC8E8394}.Release|Any CPU.ActiveCfg = Release|Any CPU
		{FE36CD0C-ACCB-693C-CCD1-4457EC8E8394}.Release|Any CPU.Build.0 = Release|Any CPU
	EndGlobalSection
	GlobalSection(SolutionProperties) = preSolution
		HideSolutionNode = FALSE
	EndGlobalSection
	GlobalSection(MonoDevelopProperties) = preSolution
		StartupItem = Assembly-CSharp.csproj
	EndGlobalSection
EndGlobal
